
Microsoft Visual Studio Solution File, Format Version 11.00
# Visual Studio 2010
Project("{FAE04EC0-301F-11D3-BF4B-00C04F79EFBC}") = "hacs", "hacs\hacs.csproj", "{E0267EE9-B2A3-4F6C-8F48-E6C26863EE8A}"
EndProject
Project("{2150E333-8FDC-42A3-9474-1A3956D46DE8}") = "Libraries", "Libraries", "{494DC9A1-8F7E-4BC1-96BE-542E7217F8FF}"
EndProject
Project("{FAE04EC0-301F-11D3-BF4B-00C04F79EFBC}") = "DataObjectOnDisk", "hacs\Libraries\sonesStorage\DataObjectOnDisk.csproj", "{16D19293-2334-44DC-9BEA-39651DA8F58B}"
EndProject
Project("{FAE04EC0-301F-11D3-BF4B-00C04F79EFBC}") = "sonesFastSerializer", "hacs\Libraries\sonesFastSerializer\sonesFastSerializer.csproj", "{8A2C05AA-6E56-414B-A43C-7173FC34DB24}"
EndProject
Project("{FAE04EC0-301F-11D3-BF4B-00C04F79EFBC}") = "Newtonsoft.Json", "hacs\Libraries\Newtonsoft.Json\Newtonsoft.Json.csproj", "{A9AE40FF-1A21-414A-9FE7-3BE13644CC6D}"
EndProject
Project("{FAE04EC0-301F-11D3-BF4B-00C04F79EFBC}") = "SMS77", "hacs\Libraries\SMS77.NET\SMS77\SMS77.csproj", "{8745FAF6-18DF-49A6-9285-BB3A0380F0C3}"
EndProject
Project("{FAE04EC0-301F-11D3-BF4B-00C04F79EFBC}") = "ICMP", "hacs\Libraries\ICMP\ICMP.csproj", "{B833E7C9-ECF5-4790-8B47-9E3D84244E6A}"
EndProject
Project("{FAE04EC0-301F-11D3-BF4B-00C04F79EFBC}") = "JavascriptTimestamps", "hacs\Libraries\JavascriptTimestamps\JavascriptTimestamps.csproj", "{AB0FA7FA-AAFD-4F02-89C4-0CAEA7777A6A}"
EndProject
Project("{FAE04EC0-301F-11D3-BF4B-00C04F79EFBC}") = "agsXMPP", "hacs\Libraries\XMPP\agsxmpp\agsXMPP.csproj", "{91EA0D0B-D3BA-497F-AFEB-2CAD59DEBA0E}"
EndProject
Project("{FAE04EC0-301F-11D3-BF4B-00C04F79EFBC}") = "Telekom", "hacs\Libraries\TelekomSendSMS\Telekom\Telekom.csproj", "{C3BCD85C-DBAE-4780-910C-14748655FDC9}"
EndProject
Project("{FAE04EC0-301F-11D3-BF4B-00C04F79EFBC}") = "TelekomSendSMS", "hacs\Libraries\TelekomSendSMS\TelekomSendSMS\TelekomSendSMS.csproj", "{698A9F23-2BA4-40C5-8818-68BFF15585DE}"
EndProject
Project("{2150E333-8FDC-42A3-9474-1A3956D46DE8}") = "Tools", "Tools", "{BC65BCFB-28E9-46E3-9288-E13C5DB94443}"
EndProject
Project("{FAE04EC0-301F-11D3-BF4B-00C04F79EFBC}") = "hacs-dbtool", "tools\hacs-dbtool\hacs-dbtool.csproj", "{AFDDAE01-55D2-4BC3-BA29-FAE5B54B2032}"
EndProject
Project("{FAE04EC0-301F-11D3-BF4B-00C04F79EFBC}") = "MAXDebug", "tools\MAXDebug\MAXDebug\MAXDebug.csproj", "{4F674716-23B0-44E8-9A0B-CB879732F6C2}"
EndProject
Project("{FAE04EC0-301F-11D3-BF4B-00C04F79EFBC}") = "SolarLogDebug", "tools\SolarLogDebug\SolarLogDebug\SolarLogDebug.csproj", "{F86FE0F9-4127-4ABB-BD45-70272EAB644F}"
EndProject
Project("{FAE04EC0-301F-11D3-BF4B-00C04F79EFBC}") = "xs1-backup-tool", "tools\xs1-backup-tool\xs1-backup-tool.csproj", "{3C0C8B2D-9DCD-487E-964B-4633FC79F30C}"
EndProject
Global
	GlobalSection(SolutionConfigurationPlatforms) = preSolution
		Debug|Any CPU = Debug|Any CPU
		Release|Any CPU = Release|Any CPU
		Debug Tools|Any CPU = Debug Tools|Any CPU
		Release Tools|Any CPU = Release Tools|Any CPU
	EndGlobalSection
	GlobalSection(ProjectConfigurationPlatforms) = postSolution
		{16D19293-2334-44DC-9BEA-39651DA8F58B}.Debug Tools|Any CPU.ActiveCfg = Debug|Any CPU
		{16D19293-2334-44DC-9BEA-39651DA8F58B}.Debug Tools|Any CPU.Build.0 = Debug|Any CPU
		{16D19293-2334-44DC-9BEA-39651DA8F58B}.Debug|Any CPU.ActiveCfg = Debug|Any CPU
		{16D19293-2334-44DC-9BEA-39651DA8F58B}.Debug|Any CPU.Build.0 = Debug|Any CPU
		{16D19293-2334-44DC-9BEA-39651DA8F58B}.Release Tools|Any CPU.ActiveCfg = Release|Any CPU
		{16D19293-2334-44DC-9BEA-39651DA8F58B}.Release|Any CPU.ActiveCfg = Release|Any CPU
		{16D19293-2334-44DC-9BEA-39651DA8F58B}.Release|Any CPU.Build.0 = Release|Any CPU
		{3C0C8B2D-9DCD-487E-964B-4633FC79F30C}.Debug Tools|Any CPU.ActiveCfg = Debug|Any CPU
		{3C0C8B2D-9DCD-487E-964B-4633FC79F30C}.Debug Tools|Any CPU.Build.0 = Debug|Any CPU
		{3C0C8B2D-9DCD-487E-964B-4633FC79F30C}.Debug|Any CPU.ActiveCfg = Debug|Any CPU
		{3C0C8B2D-9DCD-487E-964B-4633FC79F30C}.Release Tools|Any CPU.ActiveCfg = Release|Any CPU
		{3C0C8B2D-9DCD-487E-964B-4633FC79F30C}.Release Tools|Any CPU.Build.0 = Release|Any CPU
		{3C0C8B2D-9DCD-487E-964B-4633FC79F30C}.Release|Any CPU.ActiveCfg = Release|Any CPU
		{4F674716-23B0-44E8-9A0B-CB879732F6C2}.Debug Tools|Any CPU.ActiveCfg = Debug|Any CPU
		{4F674716-23B0-44E8-9A0B-CB879732F6C2}.Debug Tools|Any CPU.Build.0 = Debug|Any CPU
		{4F674716-23B0-44E8-9A0B-CB879732F6C2}.Debug|Any CPU.ActiveCfg = Debug|Any CPU
		{4F674716-23B0-44E8-9A0B-CB879732F6C2}.Release Tools|Any CPU.ActiveCfg = Release|Any CPU
		{4F674716-23B0-44E8-9A0B-CB879732F6C2}.Release Tools|Any CPU.Build.0 = Release|Any CPU
		{4F674716-23B0-44E8-9A0B-CB879732F6C2}.Release|Any CPU.ActiveCfg = Release|Any CPU
		{698A9F23-2BA4-40C5-8818-68BFF15585DE}.Debug Tools|Any CPU.ActiveCfg = Debug|Any CPU
		{698A9F23-2BA4-40C5-8818-68BFF15585DE}.Debug Tools|Any CPU.Build.0 = Debug|Any CPU
		{698A9F23-2BA4-40C5-8818-68BFF15585DE}.Debug|Any CPU.ActiveCfg = Debug|Any CPU
		{698A9F23-2BA4-40C5-8818-68BFF15585DE}.Debug|Any CPU.Build.0 = Debug|Any CPU
		{698A9F23-2BA4-40C5-8818-68BFF15585DE}.Release Tools|Any CPU.ActiveCfg = Release|Any CPU
		{698A9F23-2BA4-40C5-8818-68BFF15585DE}.Release Tools|Any CPU.Build.0 = Release|Any CPU
		{698A9F23-2BA4-40C5-8818-68BFF15585DE}.Release|Any CPU.ActiveCfg = Release|Any CPU
		{698A9F23-2BA4-40C5-8818-68BFF15585DE}.Release|Any CPU.Build.0 = Release|Any CPU
		{8745FAF6-18DF-49A6-9285-BB3A0380F0C3}.Debug Tools|Any CPU.ActiveCfg = Debug|Any CPU
		{8745FAF6-18DF-49A6-9285-BB3A0380F0C3}.Debug|Any CPU.ActiveCfg = Debug|Any CPU
		{8745FAF6-18DF-49A6-9285-BB3A0380F0C3}.Debug|Any CPU.Build.0 = Debug|Any CPU
		{8745FAF6-18DF-49A6-9285-BB3A0380F0C3}.Release Tools|Any CPU.ActiveCfg = Release|Any CPU
		{8745FAF6-18DF-49A6-9285-BB3A0380F0C3}.Release|Any CPU.ActiveCfg = Release|Any CPU
		{8745FAF6-18DF-49A6-9285-BB3A0380F0C3}.Release|Any CPU.Build.0 = Release|Any CPU
		{8A2C05AA-6E56-414B-A43C-7173FC34DB24}.Debug Tools|Any CPU.ActiveCfg = Debug|Any CPU
		{8A2C05AA-6E56-414B-A43C-7173FC34DB24}.Debug Tools|Any CPU.Build.0 = Debug|Any CPU
		{8A2C05AA-6E56-414B-A43C-7173FC34DB24}.Debug|Any CPU.ActiveCfg = Debug|Any CPU
		{8A2C05AA-6E56-414B-A43C-7173FC34DB24}.Debug|Any CPU.Build.0 = Debug|Any CPU
		{8A2C05AA-6E56-414B-A43C-7173FC34DB24}.Release Tools|Any CPU.ActiveCfg = Release|Any CPU
		{8A2C05AA-6E56-414B-A43C-7173FC34DB24}.Release Tools|Any CPU.Build.0 = Release|Any CPU
		{8A2C05AA-6E56-414B-A43C-7173FC34DB24}.Release|Any CPU.ActiveCfg = Release|Any CPU
		{8A2C05AA-6E56-414B-A43C-7173FC34DB24}.Release|Any CPU.Build.0 = Release|Any CPU
		{91EA0D0B-D3BA-497F-AFEB-2CAD59DEBA0E}.Debug Tools|Any CPU.ActiveCfg = Debug|Any CPU
		{91EA0D0B-D3BA-497F-AFEB-2CAD59DEBA0E}.Debug Tools|Any CPU.Build.0 = Debug|Any CPU
		{91EA0D0B-D3BA-497F-AFEB-2CAD59DEBA0E}.Debug|Any CPU.ActiveCfg = Debug|Any CPU
		{91EA0D0B-D3BA-497F-AFEB-2CAD59DEBA0E}.Debug|Any CPU.Build.0 = Debug|Any CPU
		{91EA0D0B-D3BA-497F-AFEB-2CAD59DEBA0E}.Release Tools|Any CPU.ActiveCfg = Release|Any CPU
		{91EA0D0B-D3BA-497F-AFEB-2CAD59DEBA0E}.Release Tools|Any CPU.Build.0 = Release|Any CPU
		{91EA0D0B-D3BA-497F-AFEB-2CAD59DEBA0E}.Release|Any CPU.ActiveCfg = Release|Any CPU
		{91EA0D0B-D3BA-497F-AFEB-2CAD59DEBA0E}.Release|Any CPU.Build.0 = Release|Any CPU
		{A9AE40FF-1A21-414A-9FE7-3BE13644CC6D}.Debug Tools|Any CPU.ActiveCfg = Debug|Any CPU
		{A9AE40FF-1A21-414A-9FE7-3BE13644CC6D}.Debug|Any CPU.ActiveCfg = Debug|Any CPU
		{A9AE40FF-1A21-414A-9FE7-3BE13644CC6D}.Debug|Any CPU.Build.0 = Debug|Any CPU
		{A9AE40FF-1A21-414A-9FE7-3BE13644CC6D}.Release Tools|Any CPU.ActiveCfg = Release|Any CPU
		{A9AE40FF-1A21-414A-9FE7-3BE13644CC6D}.Release|Any CPU.ActiveCfg = Release|Any CPU
		{A9AE40FF-1A21-414A-9FE7-3BE13644CC6D}.Release|Any CPU.Build.0 = Release|Any CPU
		{AB0FA7FA-AAFD-4F02-89C4-0CAEA7777A6A}.Debug Tools|Any CPU.ActiveCfg = Debug|Any CPU
		{AB0FA7FA-AAFD-4F02-89C4-0CAEA7777A6A}.Debug|Any CPU.ActiveCfg = Debug|Any CPU
		{AB0FA7FA-AAFD-4F02-89C4-0CAEA7777A6A}.Debug|Any CPU.Build.0 = Debug|Any CPU
		{AB0FA7FA-AAFD-4F02-89C4-0CAEA7777A6A}.Release Tools|Any CPU.ActiveCfg = Release|Any CPU
		{AB0FA7FA-AAFD-4F02-89C4-0CAEA7777A6A}.Release|Any CPU.ActiveCfg = Release|Any CPU
		{AB0FA7FA-AAFD-4F02-89C4-0CAEA7777A6A}.Release|Any CPU.Build.0 = Release|Any CPU
		{AFDDAE01-55D2-4BC3-BA29-FAE5B54B2032}.Debug Tools|Any CPU.ActiveCfg = Debug|Any CPU
		{AFDDAE01-55D2-4BC3-BA29-FAE5B54B2032}.Debug Tools|Any CPU.Build.0 = Debug|Any CPU
		{AFDDAE01-55D2-4BC3-BA29-FAE5B54B2032}.Debug|Any CPU.ActiveCfg = Debug|Any CPU
		{AFDDAE01-55D2-4BC3-BA29-FAE5B54B2032}.Release Tools|Any CPU.ActiveCfg = Release|Any CPU
		{AFDDAE01-55D2-4BC3-BA29-FAE5B54B2032}.Release Tools|Any CPU.Build.0 = Release|Any CPU
		{AFDDAE01-55D2-4BC3-BA29-FAE5B54B2032}.Release|Any CPU.ActiveCfg = Release|Any CPU
		{B833E7C9-ECF5-4790-8B47-9E3D84244E6A}.Debug Tools|Any CPU.ActiveCfg = Debug|Any CPU
		{B833E7C9-ECF5-4790-8B47-9E3D84244E6A}.Debug|Any CPU.ActiveCfg = Debug|Any CPU
		{B833E7C9-ECF5-4790-8B47-9E3D84244E6A}.Debug|Any CPU.Build.0 = Debug|Any CPU
		{B833E7C9-ECF5-4790-8B47-9E3D84244E6A}.Release Tools|Any CPU.ActiveCfg = Release|Any CPU
		{B833E7C9-ECF5-4790-8B47-9E3D84244E6A}.Release|Any CPU.ActiveCfg = Release|Any CPU
		{B833E7C9-ECF5-4790-8B47-9E3D84244E6A}.Release|Any CPU.Build.0 = Release|Any CPU
		{C3BCD85C-DBAE-4780-910C-14748655FDC9}.Debug Tools|Any CPU.ActiveCfg = Debug|Any CPU
		{C3BCD85C-DBAE-4780-910C-14748655FDC9}.Debug Tools|Any CPU.Build.0 = Debug|Any CPU
		{C3BCD85C-DBAE-4780-910C-14748655FDC9}.Debug|Any CPU.ActiveCfg = Debug|Any CPU
		{C3BCD85C-DBAE-4780-910C-14748655FDC9}.Debug|Any CPU.Build.0 = Debug|Any CPU
		{C3BCD85C-DBAE-4780-910C-14748655FDC9}.Release Tools|Any CPU.ActiveCfg = Release|Any CPU
		{C3BCD85C-DBAE-4780-910C-14748655FDC9}.Release Tools|Any CPU.Build.0 = Release|Any CPU
		{C3BCD85C-DBAE-4780-910C-14748655FDC9}.Release|Any CPU.ActiveCfg = Release|Any CPU
		{C3BCD85C-DBAE-4780-910C-14748655FDC9}.Release|Any CPU.Build.0 = Release|Any CPU
		{E0267EE9-B2A3-4F6C-8F48-E6C26863EE8A}.Debug Tools|Any CPU.ActiveCfg = Debug|Any CPU
		{E0267EE9-B2A3-4F6C-8F48-E6C26863EE8A}.Debug|Any CPU.ActiveCfg = Debug|Any CPU
		{E0267EE9-B2A3-4F6C-8F48-E6C26863EE8A}.Debug|Any CPU.Build.0 = Debug|Any CPU
		{E0267EE9-B2A3-4F6C-8F48-E6C26863EE8A}.Release Tools|Any CPU.ActiveCfg = Release|Any CPU
		{E0267EE9-B2A3-4F6C-8F48-E6C26863EE8A}.Release|Any CPU.ActiveCfg = Release|Any CPU
		{E0267EE9-B2A3-4F6C-8F48-E6C26863EE8A}.Release|Any CPU.Build.0 = Release|Any CPU
		{F86FE0F9-4127-4ABB-BD45-70272EAB644F}.Debug Tools|Any CPU.ActiveCfg = Debug|Any CPU
		{F86FE0F9-4127-4ABB-BD45-70272EAB644F}.Debug Tools|Any CPU.Build.0 = Debug|Any CPU
		{F86FE0F9-4127-4ABB-BD45-70272EAB644F}.Debug|Any CPU.ActiveCfg = Debug|Any CPU
		{F86FE0F9-4127-4ABB-BD45-70272EAB644F}.Release Tools|Any CPU.ActiveCfg = Release|Any CPU
		{F86FE0F9-4127-4ABB-BD45-70272EAB644F}.Release Tools|Any CPU.Build.0 = Release|Any CPU
		{F86FE0F9-4127-4ABB-BD45-70272EAB644F}.Release|Any CPU.ActiveCfg = Release|Any CPU
	EndGlobalSection
	GlobalSection(NestedProjects) = preSolution
		{16D19293-2334-44DC-9BEA-39651DA8F58B} = {494DC9A1-8F7E-4BC1-96BE-542E7217F8FF}
		{8A2C05AA-6E56-414B-A43C-7173FC34DB24} = {494DC9A1-8F7E-4BC1-96BE-542E7217F8FF}
		{A9AE40FF-1A21-414A-9FE7-3BE13644CC6D} = {494DC9A1-8F7E-4BC1-96BE-542E7217F8FF}
		{8745FAF6-18DF-49A6-9285-BB3A0380F0C3} = {494DC9A1-8F7E-4BC1-96BE-542E7217F8FF}
		{B833E7C9-ECF5-4790-8B47-9E3D84244E6A} = {494DC9A1-8F7E-4BC1-96BE-542E7217F8FF}
		{AB0FA7FA-AAFD-4F02-89C4-0CAEA7777A6A} = {494DC9A1-8F7E-4BC1-96BE-542E7217F8FF}
		{91EA0D0B-D3BA-497F-AFEB-2CAD59DEBA0E} = {494DC9A1-8F7E-4BC1-96BE-542E7217F8FF}
		{C3BCD85C-DBAE-4780-910C-14748655FDC9} = {494DC9A1-8F7E-4BC1-96BE-542E7217F8FF}
		{698A9F23-2BA4-40C5-8818-68BFF15585DE} = {494DC9A1-8F7E-4BC1-96BE-542E7217F8FF}
		{AFDDAE01-55D2-4BC3-BA29-FAE5B54B2032} = {BC65BCFB-28E9-46E3-9288-E13C5DB94443}
		{4F674716-23B0-44E8-9A0B-CB879732F6C2} = {BC65BCFB-28E9-46E3-9288-E13C5DB94443}
		{F86FE0F9-4127-4ABB-BD45-70272EAB644F} = {BC65BCFB-28E9-46E3-9288-E13C5DB94443}
		{3C0C8B2D-9DCD-487E-964B-4633FC79F30C} = {BC65BCFB-28E9-46E3-9288-E13C5DB94443}
	EndGlobalSection
	GlobalSection(MonoDevelopProperties) = preSolution
		StartupItem = hacs\hacs.csproj
	EndGlobalSection
EndGlobal
