
Microsoft Visual Studio Solution File, Format Version 11.00
# Visual Studio 2010
Project("{FAE04EC0-301F-11D3-BF4B-00C04F79EFBC}") = "xs1-data-logging", "xs1-data-logging\xs1-data-logging.csproj", "{05D63544-7968-4C2D-BB25-2383AEFE6F3C}"
EndProject
Project("{FAE04EC0-301F-11D3-BF4B-00C04F79EFBC}") = "xs1-data-logging-tests", "xs1-data-logging-tests\xs1-data-logging-tests.csproj", "{D9B3A5FF-F982-4E2F-BFE7-72BB7DD60401}"
EndProject
Project("{2150E333-8FDC-42A3-9474-1A3956D46DE8}") = "Solution Items", "Solution Items", "{9CEDCB10-4246-4A16-928D-75BC79FF15C0}"
	ProjectSection(SolutionItems) = preProject
		hacs.vsmdi = hacs.vsmdi
		Local.testsettings = Local.testsettings
		TraceAndTestImpact.testsettings = TraceAndTestImpact.testsettings
	EndProjectSection
EndProject
Project("{FAE04EC0-301F-11D3-BF4B-00C04F79EFBC}") = "sonesFastSerializer", "sonesFastSerializer\sonesFastSerializer.csproj", "{8A2C05AA-6E56-414B-A43C-7173FC34DB24}"
EndProject
Project("{FAE04EC0-301F-11D3-BF4B-00C04F79EFBC}") = "DataObjectOnDisk", "DataObjectOnDisk\DataObjectOnDisk.csproj", "{16D19293-2334-44DC-9BEA-39651DA8F58B}"
EndProject
Project("{2150E333-8FDC-42A3-9474-1A3956D46DE8}") = "Storage", "Storage", "{3DC3C32B-70AE-4EF6-8178-E97CFD7AC8C7}"
EndProject
Project("{2150E333-8FDC-42A3-9474-1A3956D46DE8}") = "tests", "tests", "{05E5EE7C-FADD-4EAB-8FEA-7A8EFF89FB9D}"
EndProject
Project("{FAE04EC0-301F-11D3-BF4B-00C04F79EFBC}") = "XS1_DataObject", "XS1_DataObject\XS1_DataObject.csproj", "{EBE5CC2A-7430-4165-95C5-B595D5F91692}"
EndProject
Project("{FAE04EC0-301F-11D3-BF4B-00C04F79EFBC}") = "XS1_ConfigurationData", "XS1_ConfigurationData\XS1_ConfigurationData.csproj", "{86356451-3580-4142-9DDF-B3D47A4EEB80}"
EndProject
Project("{FAE04EC0-301F-11D3-BF4B-00C04F79EFBC}") = "xs1-backup-tool", "xs1-backup-tool\xs1-backup-tool.csproj", "{3C0C8B2D-9DCD-487E-964B-4633FC79F30C}"
EndProject
Global
	GlobalSection(TestCaseManagementSettings) = postSolution
		CategoryFile = hacs.vsmdi
	EndGlobalSection
	GlobalSection(SolutionConfigurationPlatforms) = preSolution
		Debug|Any CPU = Debug|Any CPU
		Debug|Mixed Platforms = Debug|Mixed Platforms
		Debug|x86 = Debug|x86
		Release|Any CPU = Release|Any CPU
		Release|Mixed Platforms = Release|Mixed Platforms
		Release|x86 = Release|x86
	EndGlobalSection
	GlobalSection(ProjectConfigurationPlatforms) = postSolution
		{05D63544-7968-4C2D-BB25-2383AEFE6F3C}.Debug|Any CPU.ActiveCfg = Debug|x86
		{05D63544-7968-4C2D-BB25-2383AEFE6F3C}.Debug|Mixed Platforms.ActiveCfg = Debug|x86
		{05D63544-7968-4C2D-BB25-2383AEFE6F3C}.Debug|Mixed Platforms.Build.0 = Debug|x86
		{05D63544-7968-4C2D-BB25-2383AEFE6F3C}.Debug|x86.ActiveCfg = Debug|x86
		{05D63544-7968-4C2D-BB25-2383AEFE6F3C}.Debug|x86.Build.0 = Debug|x86
		{05D63544-7968-4C2D-BB25-2383AEFE6F3C}.Release|Any CPU.ActiveCfg = Release|x86
		{05D63544-7968-4C2D-BB25-2383AEFE6F3C}.Release|Mixed Platforms.ActiveCfg = Release|x86
		{05D63544-7968-4C2D-BB25-2383AEFE6F3C}.Release|Mixed Platforms.Build.0 = Release|x86
		{05D63544-7968-4C2D-BB25-2383AEFE6F3C}.Release|x86.ActiveCfg = Release|x86
		{05D63544-7968-4C2D-BB25-2383AEFE6F3C}.Release|x86.Build.0 = Release|x86
		{D9B3A5FF-F982-4E2F-BFE7-72BB7DD60401}.Debug|Any CPU.ActiveCfg = Debug|Any CPU
		{D9B3A5FF-F982-4E2F-BFE7-72BB7DD60401}.Debug|Any CPU.Build.0 = Debug|Any CPU
		{D9B3A5FF-F982-4E2F-BFE7-72BB7DD60401}.Debug|Mixed Platforms.ActiveCfg = Debug|Any CPU
		{D9B3A5FF-F982-4E2F-BFE7-72BB7DD60401}.Debug|Mixed Platforms.Build.0 = Debug|Any CPU
		{D9B3A5FF-F982-4E2F-BFE7-72BB7DD60401}.Debug|x86.ActiveCfg = Debug|Any CPU
		{D9B3A5FF-F982-4E2F-BFE7-72BB7DD60401}.Release|Any CPU.ActiveCfg = Release|Any CPU
		{D9B3A5FF-F982-4E2F-BFE7-72BB7DD60401}.Release|Any CPU.Build.0 = Release|Any CPU
		{D9B3A5FF-F982-4E2F-BFE7-72BB7DD60401}.Release|Mixed Platforms.ActiveCfg = Release|Any CPU
		{D9B3A5FF-F982-4E2F-BFE7-72BB7DD60401}.Release|Mixed Platforms.Build.0 = Release|Any CPU
		{D9B3A5FF-F982-4E2F-BFE7-72BB7DD60401}.Release|x86.ActiveCfg = Release|Any CPU
		{8A2C05AA-6E56-414B-A43C-7173FC34DB24}.Debug|Any CPU.ActiveCfg = Debug|Any CPU
		{8A2C05AA-6E56-414B-A43C-7173FC34DB24}.Debug|Any CPU.Build.0 = Debug|Any CPU
		{8A2C05AA-6E56-414B-A43C-7173FC34DB24}.Debug|Mixed Platforms.ActiveCfg = Debug|Any CPU
		{8A2C05AA-6E56-414B-A43C-7173FC34DB24}.Debug|Mixed Platforms.Build.0 = Debug|Any CPU
		{8A2C05AA-6E56-414B-A43C-7173FC34DB24}.Debug|x86.ActiveCfg = Debug|Any CPU
		{8A2C05AA-6E56-414B-A43C-7173FC34DB24}.Release|Any CPU.ActiveCfg = Release|Any CPU
		{8A2C05AA-6E56-414B-A43C-7173FC34DB24}.Release|Any CPU.Build.0 = Release|Any CPU
		{8A2C05AA-6E56-414B-A43C-7173FC34DB24}.Release|Mixed Platforms.ActiveCfg = Release|Any CPU
		{8A2C05AA-6E56-414B-A43C-7173FC34DB24}.Release|Mixed Platforms.Build.0 = Release|Any CPU
		{8A2C05AA-6E56-414B-A43C-7173FC34DB24}.Release|x86.ActiveCfg = Release|Any CPU
		{16D19293-2334-44DC-9BEA-39651DA8F58B}.Debug|Any CPU.ActiveCfg = Debug|Any CPU
		{16D19293-2334-44DC-9BEA-39651DA8F58B}.Debug|Any CPU.Build.0 = Debug|Any CPU
		{16D19293-2334-44DC-9BEA-39651DA8F58B}.Debug|Mixed Platforms.ActiveCfg = Debug|Any CPU
		{16D19293-2334-44DC-9BEA-39651DA8F58B}.Debug|Mixed Platforms.Build.0 = Debug|Any CPU
		{16D19293-2334-44DC-9BEA-39651DA8F58B}.Debug|x86.ActiveCfg = Debug|Any CPU
		{16D19293-2334-44DC-9BEA-39651DA8F58B}.Release|Any CPU.ActiveCfg = Release|Any CPU
		{16D19293-2334-44DC-9BEA-39651DA8F58B}.Release|Any CPU.Build.0 = Release|Any CPU
		{16D19293-2334-44DC-9BEA-39651DA8F58B}.Release|Mixed Platforms.ActiveCfg = Release|Any CPU
		{16D19293-2334-44DC-9BEA-39651DA8F58B}.Release|Mixed Platforms.Build.0 = Release|Any CPU
		{16D19293-2334-44DC-9BEA-39651DA8F58B}.Release|x86.ActiveCfg = Release|Any CPU
		{EBE5CC2A-7430-4165-95C5-B595D5F91692}.Debug|Any CPU.ActiveCfg = Debug|Any CPU
		{EBE5CC2A-7430-4165-95C5-B595D5F91692}.Debug|Any CPU.Build.0 = Debug|Any CPU
		{EBE5CC2A-7430-4165-95C5-B595D5F91692}.Debug|Mixed Platforms.ActiveCfg = Debug|Any CPU
		{EBE5CC2A-7430-4165-95C5-B595D5F91692}.Debug|Mixed Platforms.Build.0 = Debug|Any CPU
		{EBE5CC2A-7430-4165-95C5-B595D5F91692}.Debug|x86.ActiveCfg = Debug|Any CPU
		{EBE5CC2A-7430-4165-95C5-B595D5F91692}.Release|Any CPU.ActiveCfg = Release|Any CPU
		{EBE5CC2A-7430-4165-95C5-B595D5F91692}.Release|Any CPU.Build.0 = Release|Any CPU
		{EBE5CC2A-7430-4165-95C5-B595D5F91692}.Release|Mixed Platforms.ActiveCfg = Release|Any CPU
		{EBE5CC2A-7430-4165-95C5-B595D5F91692}.Release|Mixed Platforms.Build.0 = Release|Any CPU
		{EBE5CC2A-7430-4165-95C5-B595D5F91692}.Release|x86.ActiveCfg = Release|Any CPU
		{86356451-3580-4142-9DDF-B3D47A4EEB80}.Debug|Any CPU.ActiveCfg = Debug|Any CPU
		{86356451-3580-4142-9DDF-B3D47A4EEB80}.Debug|Any CPU.Build.0 = Debug|Any CPU
		{86356451-3580-4142-9DDF-B3D47A4EEB80}.Debug|Mixed Platforms.ActiveCfg = Debug|Any CPU
		{86356451-3580-4142-9DDF-B3D47A4EEB80}.Debug|Mixed Platforms.Build.0 = Debug|Any CPU
		{86356451-3580-4142-9DDF-B3D47A4EEB80}.Debug|x86.ActiveCfg = Debug|Any CPU
		{86356451-3580-4142-9DDF-B3D47A4EEB80}.Release|Any CPU.ActiveCfg = Release|Any CPU
		{86356451-3580-4142-9DDF-B3D47A4EEB80}.Release|Any CPU.Build.0 = Release|Any CPU
		{86356451-3580-4142-9DDF-B3D47A4EEB80}.Release|Mixed Platforms.ActiveCfg = Release|Any CPU
		{86356451-3580-4142-9DDF-B3D47A4EEB80}.Release|Mixed Platforms.Build.0 = Release|Any CPU
		{86356451-3580-4142-9DDF-B3D47A4EEB80}.Release|x86.ActiveCfg = Release|Any CPU
		{3C0C8B2D-9DCD-487E-964B-4633FC79F30C}.Debug|Any CPU.ActiveCfg = Debug|x86
		{3C0C8B2D-9DCD-487E-964B-4633FC79F30C}.Debug|Mixed Platforms.ActiveCfg = Debug|x86
		{3C0C8B2D-9DCD-487E-964B-4633FC79F30C}.Debug|Mixed Platforms.Build.0 = Debug|x86
		{3C0C8B2D-9DCD-487E-964B-4633FC79F30C}.Debug|x86.ActiveCfg = Debug|x86
		{3C0C8B2D-9DCD-487E-964B-4633FC79F30C}.Debug|x86.Build.0 = Debug|x86
		{3C0C8B2D-9DCD-487E-964B-4633FC79F30C}.Release|Any CPU.ActiveCfg = Release|x86
		{3C0C8B2D-9DCD-487E-964B-4633FC79F30C}.Release|Mixed Platforms.ActiveCfg = Release|x86
		{3C0C8B2D-9DCD-487E-964B-4633FC79F30C}.Release|Mixed Platforms.Build.0 = Release|x86
		{3C0C8B2D-9DCD-487E-964B-4633FC79F30C}.Release|x86.ActiveCfg = Release|x86
		{3C0C8B2D-9DCD-487E-964B-4633FC79F30C}.Release|x86.Build.0 = Release|x86
	EndGlobalSection
	GlobalSection(SolutionProperties) = preSolution
		HideSolutionNode = FALSE
	EndGlobalSection
	GlobalSection(NestedProjects) = preSolution
		{D9B3A5FF-F982-4E2F-BFE7-72BB7DD60401} = {05E5EE7C-FADD-4EAB-8FEA-7A8EFF89FB9D}
		{16D19293-2334-44DC-9BEA-39651DA8F58B} = {3DC3C32B-70AE-4EF6-8178-E97CFD7AC8C7}
		{8A2C05AA-6E56-414B-A43C-7173FC34DB24} = {3DC3C32B-70AE-4EF6-8178-E97CFD7AC8C7}
	EndGlobalSection
EndGlobal
