
Microsoft Visual Studio Solution File, Format Version 11.00
# Visual Studio 2010
Project("{FAE04EC0-301F-11D3-BF4B-00C04F79EFBC}") = "TelekomSendSMS", "TelekomSendSMS\TelekomSendSMS.csproj", "{698A9F23-2BA4-40C5-8818-68BFF15585DE}"
EndProject
Project("{FAE04EC0-301F-11D3-BF4B-00C04F79EFBC}") = "TelekomSendSMSTool", "TelekomSendSMSTool\TelekomSendSMSTool.csproj", "{0DD532AD-76D6-44C3-8A9F-22C71A178431}"
EndProject
Project("{FAE04EC0-301F-11D3-BF4B-00C04F79EFBC}") = "Telekom", "Telekom\Telekom.csproj", "{C3BCD85C-DBAE-4780-910C-14748655FDC9}"
EndProject
Project("{FAE04EC0-301F-11D3-BF4B-00C04F79EFBC}") = "Newtonsoft.Json", "..\Newtonsoft.Json\Newtonsoft.Json.csproj", "{A9AE40FF-1A21-414A-9FE7-3BE13644CC6D}"
EndProject
Global
	GlobalSection(SolutionConfigurationPlatforms) = preSolution
		Debug|Any CPU = Debug|Any CPU
		Release|Any CPU = Release|Any CPU
		Debug Tools|Any CPU = Debug Tools|Any CPU
		Release Tools|Any CPU = Release Tools|Any CPU
	EndGlobalSection
	GlobalSection(ProjectConfigurationPlatforms) = postSolution
		{0DD532AD-76D6-44C3-8A9F-22C71A178431}.Debug Tools|Any CPU.ActiveCfg = Debug|Any CPU
		{0DD532AD-76D6-44C3-8A9F-22C71A178431}.Debug Tools|Any CPU.Build.0 = Debug|Any CPU
		{0DD532AD-76D6-44C3-8A9F-22C71A178431}.Debug|Any CPU.ActiveCfg = Debug|Any CPU
		{0DD532AD-76D6-44C3-8A9F-22C71A178431}.Debug|Any CPU.Build.0 = Debug|Any CPU
		{0DD532AD-76D6-44C3-8A9F-22C71A178431}.Release Tools|Any CPU.ActiveCfg = Debug|Any CPU
		{0DD532AD-76D6-44C3-8A9F-22C71A178431}.Release Tools|Any CPU.Build.0 = Debug|Any CPU
		{0DD532AD-76D6-44C3-8A9F-22C71A178431}.Release|Any CPU.ActiveCfg = Release|Any CPU
		{0DD532AD-76D6-44C3-8A9F-22C71A178431}.Release|Any CPU.Build.0 = Release|Any CPU
		{698A9F23-2BA4-40C5-8818-68BFF15585DE}.Debug Tools|Any CPU.ActiveCfg = Debug|Any CPU
		{698A9F23-2BA4-40C5-8818-68BFF15585DE}.Debug Tools|Any CPU.Build.0 = Debug|Any CPU
		{698A9F23-2BA4-40C5-8818-68BFF15585DE}.Debug|Any CPU.ActiveCfg = Debug|Any CPU
		{698A9F23-2BA4-40C5-8818-68BFF15585DE}.Debug|Any CPU.Build.0 = Debug|Any CPU
		{698A9F23-2BA4-40C5-8818-68BFF15585DE}.Release Tools|Any CPU.ActiveCfg = Debug|Any CPU
		{698A9F23-2BA4-40C5-8818-68BFF15585DE}.Release Tools|Any CPU.Build.0 = Debug|Any CPU
		{698A9F23-2BA4-40C5-8818-68BFF15585DE}.Release|Any CPU.ActiveCfg = Release|Any CPU
		{698A9F23-2BA4-40C5-8818-68BFF15585DE}.Release|Any CPU.Build.0 = Release|Any CPU
		{A9AE40FF-1A21-414A-9FE7-3BE13644CC6D}.Debug Tools|Any CPU.ActiveCfg = Debug Tools|Any CPU
		{A9AE40FF-1A21-414A-9FE7-3BE13644CC6D}.Debug Tools|Any CPU.Build.0 = Debug Tools|Any CPU
		{A9AE40FF-1A21-414A-9FE7-3BE13644CC6D}.Debug|Any CPU.ActiveCfg = Debug|Any CPU
		{A9AE40FF-1A21-414A-9FE7-3BE13644CC6D}.Debug|Any CPU.Build.0 = Debug|Any CPU
		{A9AE40FF-1A21-414A-9FE7-3BE13644CC6D}.Release Tools|Any CPU.ActiveCfg = Release Tools|Any CPU
		{A9AE40FF-1A21-414A-9FE7-3BE13644CC6D}.Release Tools|Any CPU.Build.0 = Release Tools|Any CPU
		{A9AE40FF-1A21-414A-9FE7-3BE13644CC6D}.Release|Any CPU.ActiveCfg = Release|Any CPU
		{A9AE40FF-1A21-414A-9FE7-3BE13644CC6D}.Release|Any CPU.Build.0 = Release|Any CPU
		{C3BCD85C-DBAE-4780-910C-14748655FDC9}.Debug Tools|Any CPU.ActiveCfg = Debug|Any CPU
		{C3BCD85C-DBAE-4780-910C-14748655FDC9}.Debug Tools|Any CPU.Build.0 = Debug|Any CPU
		{C3BCD85C-DBAE-4780-910C-14748655FDC9}.Debug|Any CPU.ActiveCfg = Debug|Any CPU
		{C3BCD85C-DBAE-4780-910C-14748655FDC9}.Debug|Any CPU.Build.0 = Debug|Any CPU
		{C3BCD85C-DBAE-4780-910C-14748655FDC9}.Release Tools|Any CPU.ActiveCfg = Debug|Any CPU
		{C3BCD85C-DBAE-4780-910C-14748655FDC9}.Release Tools|Any CPU.Build.0 = Debug|Any CPU
		{C3BCD85C-DBAE-4780-910C-14748655FDC9}.Release|Any CPU.ActiveCfg = Release|Any CPU
		{C3BCD85C-DBAE-4780-910C-14748655FDC9}.Release|Any CPU.Build.0 = Release|Any CPU
	EndGlobalSection
	GlobalSection(MonoDevelopProperties) = preSolution
		StartupItem = TelekomSendSMS\TelekomSendSMS.csproj
	EndGlobalSection
EndGlobal
